
Microsoft Visual Studio Solution File, Format Version 12.00
Project("{2150E333-8FDC-42A3-9474-1A3956D46DE8}") = "App", "App", "{63F77573-097D-4FBF-8ADE-B704D0A322F3}"
EndProject
Project("{FAE04EC0-301F-11D3-BF4B-00C04F79EFBC}") = "Loan.App.API", "Loan.App.API\Loan.App.API.csproj", "{68CB0526-AC91-4A8F-8836-EA97431DF8B7}"
EndProject
Global
	GlobalSection(SolutionConfigurationPlatforms) = preSolution
		Debug|Any CPU = Debug|Any CPU
		Release|Any CPU = Release|Any CPU
	EndGlobalSection
	GlobalSection(NestedProjects) = preSolution
		{68CB0526-AC91-4A8F-8836-EA97431DF8B7} = {63F77573-097D-4FBF-8ADE-B704D0A322F3}
	EndGlobalSection
	GlobalSection(ProjectConfigurationPlatforms) = postSolution
		{68CB0526-AC91-4A8F-8836-EA97431DF8B7}.Debug|Any CPU.ActiveCfg = Debug|Any CPU
		{68CB0526-AC91-4A8F-8836-EA97431DF8B7}.Debug|Any CPU.Build.0 = Debug|Any CPU
		{68CB0526-AC91-4A8F-8836-EA97431DF8B7}.Release|Any CPU.ActiveCfg = Release|Any CPU
		{68CB0526-AC91-4A8F-8836-EA97431DF8B7}.Release|Any CPU.Build.0 = Release|Any CPU
	EndGlobalSection
EndGlobal
